// !$*UTF8*$!
{
	archiveVersion = 1;
	classes = {
	};
	objectVersion = 56;
	objects = {

/* Begin PBXBuildFile section */
		AA1A2B212CB5AF52002DC543 /* SwiftKeychainWrapper in Frameworks */ = {isa = PBXBuildFile; productRef = AA1A2B202CB5AF52002DC543 /* SwiftKeychainWrapper */; };
		AA66E9D72C1DE26500EAB189 /* AppDelegate.swift in Sources */ = {isa = PBXBuildFile; fileRef = AA66E9D62C1DE26500EAB189 /* AppDelegate.swift */; };
		AA66E9D92C1DE26500EAB189 /* SceneDelegate.swift in Sources */ = {isa = PBXBuildFile; fileRef = AA66E9D82C1DE26500EAB189 /* SceneDelegate.swift */; };
		AA66E9DB2C1DE26500EAB189 /* ImagesListViewController.swift in Sources */ = {isa = PBXBuildFile; fileRef = AA66E9DA2C1DE26500EAB189 /* ImagesListViewController.swift */; };
		AA66E9DE2C1DE26500EAB189 /* Main.storyboard in Resources */ = {isa = PBXBuildFile; fileRef = AA66E9DC2C1DE26500EAB189 /* Main.storyboard */; };
		AA66E9E02C1DE26600EAB189 /* Assets.xcassets in Resources */ = {isa = PBXBuildFile; fileRef = AA66E9DF2C1DE26600EAB189 /* Assets.xcassets */; };
		AA66E9E32C1DE26600EAB189 /* LaunchScreen.storyboard in Resources */ = {isa = PBXBuildFile; fileRef = AA66E9E12C1DE26600EAB189 /* LaunchScreen.storyboard */; };
		AA66EA0B2C1F1E6000EAB189 /* ImagesListCell.swift in Sources */ = {isa = PBXBuildFile; fileRef = AA66EA0A2C1F1E6000EAB189 /* ImagesListCell.swift */; };
		AA66EA0E2C4A4CD300EAB189 /* ProfileViewController.swift in Sources */ = {isa = PBXBuildFile; fileRef = AA66EA0D2C4A4CD300EAB189 /* ProfileViewController.swift */; };
		AA66EA102C53DD2400EAB189 /* SingleImageViewController.swift in Sources */ = {isa = PBXBuildFile; fileRef = AA66EA0F2C53DD2400EAB189 /* SingleImageViewController.swift */; };
		AA6A22152CB014C900727BBE /* UIBlockingProgressHUD.swift in Sources */ = {isa = PBXBuildFile; fileRef = AA6A22142CB014C900727BBE /* UIBlockingProgressHUD.swift */; };
		AA6A22172CB0211700727BBE /* ProfileService.swift in Sources */ = {isa = PBXBuildFile; fileRef = AA6A22162CB0211700727BBE /* ProfileService.swift */; };
		AA6A22192CB0277A00727BBE /* ProfileImageService.swift in Sources */ = {isa = PBXBuildFile; fileRef = AA6A22182CB0277A00727BBE /* ProfileImageService.swift */; };
		AA6A221B2CB0316000727BBE /* AlertPresenter.swift in Sources */ = {isa = PBXBuildFile; fileRef = AA6A221A2CB0316000727BBE /* AlertPresenter.swift */; };
		AA6A24962C9AD2DC00C9E5E2 /* SplashViewController.swift in Sources */ = {isa = PBXBuildFile; fileRef = AA6A24952C9AD2DC00C9E5E2 /* SplashViewController.swift */; };
		AA6A24982C9ADABD00C9E5E2 /* OAuthTokenResponseBody.swift in Sources */ = {isa = PBXBuildFile; fileRef = AA6A24972C9ADABD00C9E5E2 /* OAuthTokenResponseBody.swift */; };
		AA6B28CA2CB67984000302F1 /* TabBarController.swift in Sources */ = {isa = PBXBuildFile; fileRef = AA6B28C92CB67984000302F1 /* TabBarController.swift */; };
		AA6E4DAA2C8866F80041A605 /* AuthViewController.swift in Sources */ = {isa = PBXBuildFile; fileRef = AA6E4DA92C8866F80041A605 /* AuthViewController.swift */; };
		AA6E4DAC2C8887AF0041A605 /* WebViewViewController.swift in Sources */ = {isa = PBXBuildFile; fileRef = AA6E4DAB2C8887AF0041A605 /* WebViewViewController.swift */; };
		AA6E4DB02C9055B50041A605 /* OAuth2Service.swift in Sources */ = {isa = PBXBuildFile; fileRef = AA6E4DAF2C9055B50041A605 /* OAuth2Service.swift */; };
		AA6E4DB22C905A940041A605 /* URLSession+data.swift in Sources */ = {isa = PBXBuildFile; fileRef = AA6E4DB12C905A940041A605 /* URLSession+data.swift */; };
		AA6E4DB42C905F440041A605 /* OAuth2TokenStorage.swift in Sources */ = {isa = PBXBuildFile; fileRef = AA6E4DB32C905F440041A605 /* OAuth2TokenStorage.swift */; };
		AAA294D92CAD746D00CAC544 /* ProgressHUD in Frameworks */ = {isa = PBXBuildFile; productRef = AAA294D82CAD746D00CAC544 /* ProgressHUD */; };
		AACDF7C22CB4135900035D56 /* Kingfisher in Frameworks */ = {isa = PBXBuildFile; productRef = AACDF7C12CB4135900035D56 /* Kingfisher */; };
		AAE6DF7F2C81DAF000F81782 /* Constants.swift in Sources */ = {isa = PBXBuildFile; fileRef = AAE6DF7E2C81DAF000F81782 /* Constants.swift */; };
/* End PBXBuildFile section */

/* Begin PBXFileReference section */
		AA66E9D32C1DE26500EAB189 /* Image.app */ = {isa = PBXFileReference; explicitFileType = wrapper.application; includeInIndex = 0; path = Image.app; sourceTree = BUILT_PRODUCTS_DIR; };
		AA66E9D62C1DE26500EAB189 /* AppDelegate.swift */ = {isa = PBXFileReference; lastKnownFileType = sourcecode.swift; path = AppDelegate.swift; sourceTree = "<group>"; };
		AA66E9D82C1DE26500EAB189 /* SceneDelegate.swift */ = {isa = PBXFileReference; lastKnownFileType = sourcecode.swift; path = SceneDelegate.swift; sourceTree = "<group>"; };
		AA66E9DA2C1DE26500EAB189 /* ImagesListViewController.swift */ = {isa = PBXFileReference; lastKnownFileType = sourcecode.swift; path = ImagesListViewController.swift; sourceTree = "<group>"; };
		AA66E9DD2C1DE26500EAB189 /* Base */ = {isa = PBXFileReference; lastKnownFileType = file.storyboard; name = Base; path = Base.lproj/Main.storyboard; sourceTree = "<group>"; };
		AA66E9DF2C1DE26600EAB189 /* Assets.xcassets */ = {isa = PBXFileReference; lastKnownFileType = folder.assetcatalog; path = Assets.xcassets; sourceTree = "<group>"; };
		AA66E9E22C1DE26600EAB189 /* Base */ = {isa = PBXFileReference; lastKnownFileType = file.storyboard; name = Base; path = Base.lproj/LaunchScreen.storyboard; sourceTree = "<group>"; };
		AA66E9E42C1DE26600EAB189 /* Info.plist */ = {isa = PBXFileReference; lastKnownFileType = text.plist.xml; path = Info.plist; sourceTree = "<group>"; };
		AA66EA0A2C1F1E6000EAB189 /* ImagesListCell.swift */ = {isa = PBXFileReference; lastKnownFileType = sourcecode.swift; path = ImagesListCell.swift; sourceTree = "<group>"; };
		AA66EA0D2C4A4CD300EAB189 /* ProfileViewController.swift */ = {isa = PBXFileReference; lastKnownFileType = sourcecode.swift; path = ProfileViewController.swift; sourceTree = "<group>"; };
		AA66EA0F2C53DD2400EAB189 /* SingleImageViewController.swift */ = {isa = PBXFileReference; lastKnownFileType = sourcecode.swift; path = SingleImageViewController.swift; sourceTree = "<group>"; };
		AA6A22142CB014C900727BBE /* UIBlockingProgressHUD.swift */ = {isa = PBXFileReference; lastKnownFileType = sourcecode.swift; path = UIBlockingProgressHUD.swift; sourceTree = "<group>"; };
		AA6A22162CB0211700727BBE /* ProfileService.swift */ = {isa = PBXFileReference; lastKnownFileType = sourcecode.swift; path = ProfileService.swift; sourceTree = "<group>"; };
		AA6A22182CB0277A00727BBE /* ProfileImageService.swift */ = {isa = PBXFileReference; lastKnownFileType = sourcecode.swift; path = ProfileImageService.swift; sourceTree = "<group>"; };
		AA6A221A2CB0316000727BBE /* AlertPresenter.swift */ = {isa = PBXFileReference; lastKnownFileType = sourcecode.swift; path = AlertPresenter.swift; sourceTree = "<group>"; };
		AA6A24952C9AD2DC00C9E5E2 /* SplashViewController.swift */ = {isa = PBXFileReference; lastKnownFileType = sourcecode.swift; path = SplashViewController.swift; sourceTree = "<group>"; };
		AA6A24972C9ADABD00C9E5E2 /* OAuthTokenResponseBody.swift */ = {isa = PBXFileReference; lastKnownFileType = sourcecode.swift; path = OAuthTokenResponseBody.swift; sourceTree = "<group>"; };
		AA6B28C92CB67984000302F1 /* TabBarController.swift */ = {isa = PBXFileReference; lastKnownFileType = sourcecode.swift; path = TabBarController.swift; sourceTree = "<group>"; };
		AA6E4DA92C8866F80041A605 /* AuthViewController.swift */ = {isa = PBXFileReference; lastKnownFileType = sourcecode.swift; path = AuthViewController.swift; sourceTree = "<group>"; };
		AA6E4DAB2C8887AF0041A605 /* WebViewViewController.swift */ = {isa = PBXFileReference; lastKnownFileType = sourcecode.swift; path = WebViewViewController.swift; sourceTree = "<group>"; };
		AA6E4DAF2C9055B50041A605 /* OAuth2Service.swift */ = {isa = PBXFileReference; lastKnownFileType = sourcecode.swift; path = OAuth2Service.swift; sourceTree = "<group>"; };
		AA6E4DB12C905A940041A605 /* URLSession+data.swift */ = {isa = PBXFileReference; lastKnownFileType = sourcecode.swift; path = "URLSession+data.swift"; sourceTree = "<group>"; };
		AA6E4DB32C905F440041A605 /* OAuth2TokenStorage.swift */ = {isa = PBXFileReference; lastKnownFileType = sourcecode.swift; path = OAuth2TokenStorage.swift; sourceTree = "<group>"; };
		AAE6DF7E2C81DAF000F81782 /* Constants.swift */ = {isa = PBXFileReference; lastKnownFileType = sourcecode.swift; path = Constants.swift; sourceTree = "<group>"; };
/* End PBXFileReference section */

/* Begin PBXFrameworksBuildPhase section */
		AA66E9D02C1DE26500EAB189 /* Frameworks */ = {
			isa = PBXFrameworksBuildPhase;
			buildActionMask = 2147483647;
			files = (
				AACDF7C22CB4135900035D56 /* Kingfisher in Frameworks */,
				AAA294D92CAD746D00CAC544 /* ProgressHUD in Frameworks */,
				AA1A2B212CB5AF52002DC543 /* SwiftKeychainWrapper in Frameworks */,
			);
			runOnlyForDeploymentPostprocessing = 0;
		};
/* End PBXFrameworksBuildPhase section */

/* Begin PBXGroup section */
		AA66E9CA2C1DE26500EAB189 = {
			isa = PBXGroup;
			children = (
				AA66E9D52C1DE26500EAB189 /* Image */,
				AA66E9D42C1DE26500EAB189 /* Products */,
			);
			sourceTree = "<group>";
		};
		AA66E9D42C1DE26500EAB189 /* Products */ = {
			isa = PBXGroup;
			children = (
				AA66E9D32C1DE26500EAB189 /* Image.app */,
			);
			name = Products;
			sourceTree = "<group>";
		};
		AA66E9D52C1DE26500EAB189 /* Image */ = {
			isa = PBXGroup;
			children = (
				AA6B28C82CB67979000302F1 /* TabBarController */,
				AA6A24942C9AD2CD00C9E5E2 /* SplashViewController */,
				AA6E4DA82C8866D00041A605 /* SingleImageViewController. */,
				AA6E4DA72C8866B20041A605 /* ProfileViewController */,
				AA6E4DA62C8866A50041A605 /* Auth */,
				AA66EA0C2C1F1E8C00EAB189 /* ImageList */,
				AA66E9D62C1DE26500EAB189 /* AppDelegate.swift */,
				AAE6DF7E2C81DAF000F81782 /* Constants.swift */,
				AA66E9D82C1DE26500EAB189 /* SceneDelegate.swift */,
				AA66E9DC2C1DE26500EAB189 /* Main.storyboard */,
				AA66E9DF2C1DE26600EAB189 /* Assets.xcassets */,
				AA66E9E12C1DE26600EAB189 /* LaunchScreen.storyboard */,
				AA66E9E42C1DE26600EAB189 /* Info.plist */,
				AA6A221A2CB0316000727BBE /* AlertPresenter.swift */,
			);
			path = Image;
			sourceTree = "<group>";
		};
		AA66EA0C2C1F1E8C00EAB189 /* ImageList */ = {
			isa = PBXGroup;
			children = (
				AA66EA0A2C1F1E6000EAB189 /* ImagesListCell.swift */,
				AA66E9DA2C1DE26500EAB189 /* ImagesListViewController.swift */,
			);
			path = ImageList;
			sourceTree = "<group>";
		};
		AA6A24942C9AD2CD00C9E5E2 /* SplashViewController */ = {
			isa = PBXGroup;
			children = (
				AA6A24952C9AD2DC00C9E5E2 /* SplashViewController.swift */,
			);
			path = SplashViewController;
			sourceTree = "<group>";
		};
		AA6A24992C9ADAEC00C9E5E2 /* Services */ = {
			isa = PBXGroup;
			children = (
				AA6E4DAF2C9055B50041A605 /* OAuth2Service.swift */,
				AA6E4DB12C905A940041A605 /* URLSession+data.swift */,
				AA6E4DB32C905F440041A605 /* OAuth2TokenStorage.swift */,
				AA6A24972C9ADABD00C9E5E2 /* OAuthTokenResponseBody.swift */,
			);
			path = Services;
			sourceTree = "<group>";
		};
		AA6B28C82CB67979000302F1 /* TabBarController */ = {
			isa = PBXGroup;
			children = (
				AA6B28C92CB67984000302F1 /* TabBarController.swift */,
			);
			path = TabBarController;
			sourceTree = "<group>";
		};
		AA6E4DA62C8866A50041A605 /* Auth */ = {
			isa = PBXGroup;
			children = (
				AA6E4DA92C8866F80041A605 /* AuthViewController.swift */,
				AA6E4DAB2C8887AF0041A605 /* WebViewViewController.swift */,
				AA6A24992C9ADAEC00C9E5E2 /* Services */,
				AA6A22142CB014C900727BBE /* UIBlockingProgressHUD.swift */,
			);
			path = Auth;
			sourceTree = "<group>";
		};
		AA6E4DA72C8866B20041A605 /* ProfileViewController */ = {
			isa = PBXGroup;
			children = (
				AA66EA0D2C4A4CD300EAB189 /* ProfileViewController.swift */,
				AA6A22162CB0211700727BBE /* ProfileService.swift */,
				AA6A22182CB0277A00727BBE /* ProfileImageService.swift */,
			);
			path = ProfileViewController;
			sourceTree = "<group>";
		};
		AA6E4DA82C8866D00041A605 /* SingleImageViewController. */ = {
			isa = PBXGroup;
			children = (
				AA66EA0F2C53DD2400EAB189 /* SingleImageViewController.swift */,
			);
			path = SingleImageViewController.;
			sourceTree = "<group>";
		};
/* End PBXGroup section */

/* Begin PBXNativeTarget section */
		AA66E9D22C1DE26500EAB189 /* Image */ = {
			isa = PBXNativeTarget;
			buildConfigurationList = AA66E9E72C1DE26600EAB189 /* Build configuration list for PBXNativeTarget "Image" */;
			buildPhases = (
				AA66E9CF2C1DE26500EAB189 /* Sources */,
				AA66E9D02C1DE26500EAB189 /* Frameworks */,
				AA66E9D12C1DE26500EAB189 /* Resources */,
			);
			buildRules = (
			);
			dependencies = (
			);
			name = Image;
			packageProductDependencies = (
				AAA294D82CAD746D00CAC544 /* ProgressHUD */,
				AACDF7C12CB4135900035D56 /* Kingfisher */,
				AA1A2B202CB5AF52002DC543 /* SwiftKeychainWrapper */,
			);
			productName = Image;
			productReference = AA66E9D32C1DE26500EAB189 /* Image.app */;
			productType = "com.apple.product-type.application";
		};
/* End PBXNativeTarget section */

/* Begin PBXProject section */
		AA66E9CB2C1DE26500EAB189 /* Project object */ = {
			isa = PBXProject;
			attributes = {
				BuildIndependentTargetsInParallel = 1;
				LastSwiftUpdateCheck = 1500;
				LastUpgradeCheck = 1500;
				TargetAttributes = {
					AA66E9D22C1DE26500EAB189 = {
						CreatedOnToolsVersion = 15.0.1;
					};
				};
			};
			buildConfigurationList = AA66E9CE2C1DE26500EAB189 /* Build configuration list for PBXProject "Image" */;
			compatibilityVersion = "Xcode 14.0";
			developmentRegion = en;
			hasScannedForEncodings = 0;
			knownRegions = (
				en,
				Base,
			);
			mainGroup = AA66E9CA2C1DE26500EAB189;
			packageReferences = (
				AAA294D72CAD746D00CAC544 /* XCRemoteSwiftPackageReference "ProgressHUD" */,
				AACDF7C02CB4135900035D56 /* XCRemoteSwiftPackageReference "Kingfisher" */,
				AA1A2B1F2CB5AF52002DC543 /* XCRemoteSwiftPackageReference "SwiftKeychainWrapper" */,
			);
			productRefGroup = AA66E9D42C1DE26500EAB189 /* Products */;
			projectDirPath = "";
			projectRoot = "";
			targets = (
				AA66E9D22C1DE26500EAB189 /* Image */,
			);
		};
/* End PBXProject section */

/* Begin PBXResourcesBuildPhase section */
		AA66E9D12C1DE26500EAB189 /* Resources */ = {
			isa = PBXResourcesBuildPhase;
			buildActionMask = 2147483647;
			files = (
				AA66E9E32C1DE26600EAB189 /* LaunchScreen.storyboard in Resources */,
				AA66E9E02C1DE26600EAB189 /* Assets.xcassets in Resources */,
				AA66E9DE2C1DE26500EAB189 /* Main.storyboard in Resources */,
			);
			runOnlyForDeploymentPostprocessing = 0;
		};
/* End PBXResourcesBuildPhase section */

/* Begin PBXSourcesBuildPhase section */
		AA66E9CF2C1DE26500EAB189 /* Sources */ = {
			isa = PBXSourcesBuildPhase;
			buildActionMask = 2147483647;
			files = (
				AA6E4DB42C905F440041A605 /* OAuth2TokenStorage.swift in Sources */,
				AA6A22172CB0211700727BBE /* ProfileService.swift in Sources */,
				AA66E9DB2C1DE26500EAB189 /* ImagesListViewController.swift in Sources */,
				AA66EA0B2C1F1E6000EAB189 /* ImagesListCell.swift in Sources */,
				AA66EA0E2C4A4CD300EAB189 /* ProfileViewController.swift in Sources */,
				AA6A221B2CB0316000727BBE /* AlertPresenter.swift in Sources */,
				AA66E9D72C1DE26500EAB189 /* AppDelegate.swift in Sources */,
				AA6A22192CB0277A00727BBE /* ProfileImageService.swift in Sources */,
				AA6E4DAA2C8866F80041A605 /* AuthViewController.swift in Sources */,
				AA6A24962C9AD2DC00C9E5E2 /* SplashViewController.swift in Sources */,
				AA6B28CA2CB67984000302F1 /* TabBarController.swift in Sources */,
				AAE6DF7F2C81DAF000F81782 /* Constants.swift in Sources */,
				AA6A22152CB014C900727BBE /* UIBlockingProgressHUD.swift in Sources */,
				AA66EA102C53DD2400EAB189 /* SingleImageViewController.swift in Sources */,
				AA6E4DB22C905A940041A605 /* URLSession+data.swift in Sources */,
				AA6A24982C9ADABD00C9E5E2 /* OAuthTokenResponseBody.swift in Sources */,
				AA6E4DAC2C8887AF0041A605 /* WebViewViewController.swift in Sources */,
				AA6E4DB02C9055B50041A605 /* OAuth2Service.swift in Sources */,
				AA66E9D92C1DE26500EAB189 /* SceneDelegate.swift in Sources */,
			);
			runOnlyForDeploymentPostprocessing = 0;
		};
/* End PBXSourcesBuildPhase section */

/* Begin PBXVariantGroup section */
		AA66E9DC2C1DE26500EAB189 /* Main.storyboard */ = {
			isa = PBXVariantGroup;
			children = (
				AA66E9DD2C1DE26500EAB189 /* Base */,
			);
			name = Main.storyboard;
			sourceTree = "<group>";
		};
		AA66E9E12C1DE26600EAB189 /* LaunchScreen.storyboard */ = {
			isa = PBXVariantGroup;
			children = (
				AA66E9E22C1DE26600EAB189 /* Base */,
			);
			name = LaunchScreen.storyboard;
			sourceTree = "<group>";
		};
/* End PBXVariantGroup section */

/* Begin XCBuildConfiguration section */
		AA66E9E52C1DE26600EAB189 /* Debug */ = {
			isa = XCBuildConfiguration;
			buildSettings = {
				ALWAYS_SEARCH_USER_PATHS = NO;
				ASSETCATALOG_COMPILER_GENERATE_SWIFT_ASSET_SYMBOL_EXTENSIONS = YES;
				CLANG_ANALYZER_NONNULL = YES;
				CLANG_ANALYZER_NUMBER_OBJECT_CONVERSION = YES_AGGRESSIVE;
				CLANG_CXX_LANGUAGE_STANDARD = "gnu++20";
				CLANG_ENABLE_MODULES = YES;
				CLANG_ENABLE_OBJC_ARC = YES;
				CLANG_ENABLE_OBJC_WEAK = YES;
				CLANG_WARN_BLOCK_CAPTURE_AUTORELEASING = YES;
				CLANG_WARN_BOOL_CONVERSION = YES;
				CLANG_WARN_COMMA = YES;
				CLANG_WARN_CONSTANT_CONVERSION = YES;
				CLANG_WARN_DEPRECATED_OBJC_IMPLEMENTATIONS = YES;
				CLANG_WARN_DIRECT_OBJC_ISA_USAGE = YES_ERROR;
				CLANG_WARN_DOCUMENTATION_COMMENTS = YES;
				CLANG_WARN_EMPTY_BODY = YES;
				CLANG_WARN_ENUM_CONVERSION = YES;
				CLANG_WARN_INFINITE_RECURSION = YES;
				CLANG_WARN_INT_CONVERSION = YES;
				CLANG_WARN_NON_LITERAL_NULL_CONVERSION = YES;
				CLANG_WARN_OBJC_IMPLICIT_RETAIN_SELF = YES;
				CLANG_WARN_OBJC_LITERAL_CONVERSION = YES;
				CLANG_WARN_OBJC_ROOT_CLASS = YES_ERROR;
				CLANG_WARN_QUOTED_INCLUDE_IN_FRAMEWORK_HEADER = YES;
				CLANG_WARN_RANGE_LOOP_ANALYSIS = YES;
				CLANG_WARN_STRICT_PROTOTYPES = YES;
				CLANG_WARN_SUSPICIOUS_MOVE = YES;
				CLANG_WARN_UNGUARDED_AVAILABILITY = YES_AGGRESSIVE;
				CLANG_WARN_UNREACHABLE_CODE = YES;
				CLANG_WARN__DUPLICATE_METHOD_MATCH = YES;
				COPY_PHASE_STRIP = NO;
				DEBUG_INFORMATION_FORMAT = dwarf;
				ENABLE_STRICT_OBJC_MSGSEND = YES;
				ENABLE_TESTABILITY = YES;
				ENABLE_USER_SCRIPT_SANDBOXING = YES;
				GCC_C_LANGUAGE_STANDARD = gnu17;
				GCC_DYNAMIC_NO_PIC = NO;
				GCC_NO_COMMON_BLOCKS = YES;
				GCC_OPTIMIZATION_LEVEL = 0;
				GCC_PREPROCESSOR_DEFINITIONS = (
					"DEBUG=1",
					"$(inherited)",
				);
				GCC_WARN_64_TO_32_BIT_CONVERSION = YES;
				GCC_WARN_ABOUT_RETURN_TYPE = YES_ERROR;
				GCC_WARN_UNDECLARED_SELECTOR = YES;
				GCC_WARN_UNINITIALIZED_AUTOS = YES_AGGRESSIVE;
				GCC_WARN_UNUSED_FUNCTION = YES;
				GCC_WARN_UNUSED_VARIABLE = YES;
				IPHONEOS_DEPLOYMENT_TARGET = 13.0;
				LOCALIZATION_PREFERS_STRING_CATALOGS = YES;
				MTL_ENABLE_DEBUG_INFO = INCLUDE_SOURCE;
				MTL_FAST_MATH = YES;
				ONLY_ACTIVE_ARCH = YES;
				SDKROOT = iphoneos;
				SWIFT_ACTIVE_COMPILATION_CONDITIONS = "DEBUG $(inherited)";
				SWIFT_OPTIMIZATION_LEVEL = "-Onone";
			};
			name = Debug;
		};
		AA66E9E62C1DE26600EAB189 /* Release */ = {
			isa = XCBuildConfiguration;
			buildSettings = {
				ALWAYS_SEARCH_USER_PATHS = NO;
				ASSETCATALOG_COMPILER_GENERATE_SWIFT_ASSET_SYMBOL_EXTENSIONS = YES;
				CLANG_ANALYZER_NONNULL = YES;
				CLANG_ANALYZER_NUMBER_OBJECT_CONVERSION = YES_AGGRESSIVE;
				CLANG_CXX_LANGUAGE_STANDARD = "gnu++20";
				CLANG_ENABLE_MODULES = YES;
				CLANG_ENABLE_OBJC_ARC = YES;
				CLANG_ENABLE_OBJC_WEAK = YES;
				CLANG_WARN_BLOCK_CAPTURE_AUTORELEASING = YES;
				CLANG_WARN_BOOL_CONVERSION = YES;
				CLANG_WARN_COMMA = YES;
				CLANG_WARN_CONSTANT_CONVERSION = YES;
				CLANG_WARN_DEPRECATED_OBJC_IMPLEMENTATIONS = YES;
				CLANG_WARN_DIRECT_OBJC_ISA_USAGE = YES_ERROR;
				CLANG_WARN_DOCUMENTATION_COMMENTS = YES;
				CLANG_WARN_EMPTY_BODY = YES;
				CLANG_WARN_ENUM_CONVERSION = YES;
				CLANG_WARN_INFINITE_RECURSION = YES;
				CLANG_WARN_INT_CONVERSION = YES;
				CLANG_WARN_NON_LITERAL_NULL_CONVERSION = YES;
				CLANG_WARN_OBJC_IMPLICIT_RETAIN_SELF = YES;
				CLANG_WARN_OBJC_LITERAL_CONVERSION = YES;
				CLANG_WARN_OBJC_ROOT_CLASS = YES_ERROR;
				CLANG_WARN_QUOTED_INCLUDE_IN_FRAMEWORK_HEADER = YES;
				CLANG_WARN_RANGE_LOOP_ANALYSIS = YES;
				CLANG_WARN_STRICT_PROTOTYPES = YES;
				CLANG_WARN_SUSPICIOUS_MOVE = YES;
				CLANG_WARN_UNGUARDED_AVAILABILITY = YES_AGGRESSIVE;
				CLANG_WARN_UNREACHABLE_CODE = YES;
				CLANG_WARN__DUPLICATE_METHOD_MATCH = YES;
				COPY_PHASE_STRIP = NO;
				DEBUG_INFORMATION_FORMAT = "dwarf-with-dsym";
				ENABLE_NS_ASSERTIONS = NO;
				ENABLE_STRICT_OBJC_MSGSEND = YES;
				ENABLE_USER_SCRIPT_SANDBOXING = YES;
				GCC_C_LANGUAGE_STANDARD = gnu17;
				GCC_NO_COMMON_BLOCKS = YES;
				GCC_WARN_64_TO_32_BIT_CONVERSION = YES;
				GCC_WARN_ABOUT_RETURN_TYPE = YES_ERROR;
				GCC_WARN_UNDECLARED_SELECTOR = YES;
				GCC_WARN_UNINITIALIZED_AUTOS = YES_AGGRESSIVE;
				GCC_WARN_UNUSED_FUNCTION = YES;
				GCC_WARN_UNUSED_VARIABLE = YES;
				IPHONEOS_DEPLOYMENT_TARGET = 13.0;
				LOCALIZATION_PREFERS_STRING_CATALOGS = YES;
				MTL_ENABLE_DEBUG_INFO = NO;
				MTL_FAST_MATH = YES;
				SDKROOT = iphoneos;
				SWIFT_COMPILATION_MODE = wholemodule;
				VALIDATE_PRODUCT = YES;
			};
			name = Release;
		};
		AA66E9E82C1DE26600EAB189 /* Debug */ = {
			isa = XCBuildConfiguration;
			buildSettings = {
				ASSETCATALOG_COMPILER_APPICON_NAME = AppIcon;
				ASSETCATALOG_COMPILER_GLOBAL_ACCENT_COLOR_NAME = AccentColor;
				CODE_SIGN_STYLE = Automatic;
				CURRENT_PROJECT_VERSION = 1;
				DEVELOPMENT_TEAM = HGW4WFLCS9;
				GENERATE_INFOPLIST_FILE = YES;
				INFOPLIST_FILE = Image/Info.plist;
				INFOPLIST_KEY_UIApplicationSupportsIndirectInputEvents = YES;
				INFOPLIST_KEY_UILaunchStoryboardName = LaunchScreen;
				INFOPLIST_KEY_UIMainStoryboardFile = Main;
				INFOPLIST_KEY_UISupportedInterfaceOrientations = UIInterfaceOrientationPortraitUpsideDown;
				INFOPLIST_KEY_UISupportedInterfaceOrientations_iPad = "UIInterfaceOrientationLandscapeLeft UIInterfaceOrientationLandscapeRight UIInterfaceOrientationPortrait UIInterfaceOrientationPortraitUpsideDown";
				LD_RUNPATH_SEARCH_PATHS = (
					"$(inherited)",
					"@executable_path/Frameworks",
				);
				MARKETING_VERSION = 1.0;
				PRODUCT_BUNDLE_IDENTIFIER = ru.yandex.practicum.Image;
				PRODUCT_NAME = "$(TARGET_NAME)";
				SUPPORTED_PLATFORMS = "iphoneos iphonesimulator";
				SUPPORTS_MACCATALYST = NO;
				SUPPORTS_MAC_DESIGNED_FOR_IPHONE_IPAD = NO;
				SWIFT_EMIT_LOC_STRINGS = YES;
				SWIFT_VERSION = 5.0;
				TARGETED_DEVICE_FAMILY = 1;
			};
			name = Debug;
		};
		AA66E9E92C1DE26600EAB189 /* Release */ = {
			isa = XCBuildConfiguration;
			buildSettings = {
				ASSETCATALOG_COMPILER_APPICON_NAME = AppIcon;
				ASSETCATALOG_COMPILER_GLOBAL_ACCENT_COLOR_NAME = AccentColor;
				CODE_SIGN_STYLE = Automatic;
				CURRENT_PROJECT_VERSION = 1;
				DEVELOPMENT_TEAM = HGW4WFLCS9;
				GENERATE_INFOPLIST_FILE = YES;
				INFOPLIST_FILE = Image/Info.plist;
				INFOPLIST_KEY_UIApplicationSupportsIndirectInputEvents = YES;
				INFOPLIST_KEY_UILaunchStoryboardName = LaunchScreen;
				INFOPLIST_KEY_UIMainStoryboardFile = Main;
				INFOPLIST_KEY_UISupportedInterfaceOrientations = UIInterfaceOrientationPortraitUpsideDown;
				INFOPLIST_KEY_UISupportedInterfaceOrientations_iPad = "UIInterfaceOrientationLandscapeLeft UIInterfaceOrientationLandscapeRight UIInterfaceOrientationPortrait UIInterfaceOrientationPortraitUpsideDown";
				LD_RUNPATH_SEARCH_PATHS = (
					"$(inherited)",
					"@executable_path/Frameworks",
				);
				MARKETING_VERSION = 1.0;
				PRODUCT_BUNDLE_IDENTIFIER = ru.yandex.practicum.Image;
				PRODUCT_NAME = "$(TARGET_NAME)";
				SUPPORTED_PLATFORMS = "iphoneos iphonesimulator";
				SUPPORTS_MACCATALYST = NO;
				SUPPORTS_MAC_DESIGNED_FOR_IPHONE_IPAD = NO;
				SWIFT_EMIT_LOC_STRINGS = YES;
				SWIFT_VERSION = 5.0;
				TARGETED_DEVICE_FAMILY = 1;
			};
			name = Release;
		};
/* End XCBuildConfiguration section */

/* Begin XCConfigurationList section */
		AA66E9CE2C1DE26500EAB189 /* Build configuration list for PBXProject "Image" */ = {
			isa = XCConfigurationList;
			buildConfigurations = (
				AA66E9E52C1DE26600EAB189 /* Debug */,
				AA66E9E62C1DE26600EAB189 /* Release */,
			);
			defaultConfigurationIsVisible = 0;
			defaultConfigurationName = Release;
		};
		AA66E9E72C1DE26600EAB189 /* Build configuration list for PBXNativeTarget "Image" */ = {
			isa = XCConfigurationList;
			buildConfigurations = (
				AA66E9E82C1DE26600EAB189 /* Debug */,
				AA66E9E92C1DE26600EAB189 /* Release */,
			);
			defaultConfigurationIsVisible = 0;
			defaultConfigurationName = Release;
		};
/* End XCConfigurationList section */

/* Begin XCRemoteSwiftPackageReference section */
		AA1A2B1F2CB5AF52002DC543 /* XCRemoteSwiftPackageReference "SwiftKeychainWrapper" */ = {
			isa = XCRemoteSwiftPackageReference;
			repositoryURL = "https://github.com/jrendel/SwiftKeychainWrapper";
			requirement = {
				kind = upToNextMajorVersion;
				minimumVersion = 4.0.1;
			};
		};
		AAA294D72CAD746D00CAC544 /* XCRemoteSwiftPackageReference "ProgressHUD" */ = {
			isa = XCRemoteSwiftPackageReference;
			repositoryURL = "https://github.com/relatedcode/ProgressHUD";
			requirement = {
				kind = upToNextMajorVersion;
				minimumVersion = 14.1.3;
			};
		};
		AACDF7C02CB4135900035D56 /* XCRemoteSwiftPackageReference "Kingfisher" */ = {
			isa = XCRemoteSwiftPackageReference;
			repositoryURL = "https://github.com/onevcat/Kingfisher";
			requirement = {
				kind = upToNextMajorVersion;
				minimumVersion = 8.0.3;
			};
		};
/* End XCRemoteSwiftPackageReference section */

/* Begin XCSwiftPackageProductDependency section */
		AA1A2B202CB5AF52002DC543 /* SwiftKeychainWrapper */ = {
			isa = XCSwiftPackageProductDependency;
			package = AA1A2B1F2CB5AF52002DC543 /* XCRemoteSwiftPackageReference "SwiftKeychainWrapper" */;
			productName = SwiftKeychainWrapper;
		};
		AAA294D82CAD746D00CAC544 /* ProgressHUD */ = {
			isa = XCSwiftPackageProductDependency;
			package = AAA294D72CAD746D00CAC544 /* XCRemoteSwiftPackageReference "ProgressHUD" */;
			productName = ProgressHUD;
		};
		AACDF7C12CB4135900035D56 /* Kingfisher */ = {
			isa = XCSwiftPackageProductDependency;
			package = AACDF7C02CB4135900035D56 /* XCRemoteSwiftPackageReference "Kingfisher" */;
			productName = Kingfisher;
		};
/* End XCSwiftPackageProductDependency section */
	};
	rootObject = AA66E9CB2C1DE26500EAB189 /* Project object */;
}
